
Microsoft Visual Studio Solution File, Format Version 12.00
# Visual Studio Version 16
VisualStudioVersion = 16.0.31624.102
MinimumVisualStudioVersion = 10.0.40219.1
Project("{FAE04EC0-301F-11D3-BF4B-00C04F79EFBC}") = "WindowsFormsApp1", "WindowsFormsApp1\WindowsFormsApp1.csproj", "{3A9A0956-657E-40F8-B39B-36151F9CE12B}"
EndProject
Global
	GlobalSection(SolutionConfigurationPlatforms) = preSolution
		Debug|Any CPU = Debug|Any CPU
		Release|Any CPU = Release|Any CPU
	EndGlobalSection
	GlobalSection(ProjectConfigurationPlatforms) = postSolution
		{3A9A0956-657E-40F8-B39B-36151F9CE12B}.Debug|Any CPU.ActiveCfg = Debug|Any CPU
		{3A9A0956-657E-40F8-B39B-36151F9CE12B}.Debug|Any CPU.Build.0 = Debug|Any CPU
		{3A9A0956-657E-40F8-B39B-36151F9CE12B}.Release|Any CPU.ActiveCfg = Release|Any CPU
		{3A9A0956-657E-40F8-B39B-36151F9CE12B}.Release|Any CPU.Build.0 = Release|Any CPU
	EndGlobalSection
	GlobalSection(SolutionProperties) = preSolution
		HideSolutionNode = FALSE
	EndGlobalSection
	GlobalSection(ExtensibilityGlobals) = postSolution
		SolutionGuid = {5D5604E7-F017-416A-B2B0-96AE0C12CC04}
	EndGlobalSection
EndGlobal
